// !$*UTF8*$!
{
	archiveVersion = 1;
	classes = {
	};
	objectVersion = 52;
	objects = {

/* Begin PBXBuildFile section */
		5A1096101E5185DC008DB3B7 /* IADoc.storyboard in Resources */ = {isa = PBXBuildFile; fileRef = 5A10960F1E5185DC008DB3B7 /* IADoc.storyboard */; };
		5A282F7D255CE26300146A1C /* iaAPI in Frameworks */ = {isa = PBXBuildFile; productRef = 5A282F7C255CE26300146A1C /* iaAPI */; };
		5A29692F1E514C5E00E7409F /* RealmObjects.swift in Sources */ = {isa = PBXBuildFile; fileRef = 5A29692E1E514C5E00E7409F /* RealmObjects.swift */; };
		5A41158A1E4D046F004F6B56 /* AppDelegate.swift in Sources */ = {isa = PBXBuildFile; fileRef = 5A4115891E4D046F004F6B56 /* AppDelegate.swift */; };
		5A41158F1E4D046F004F6B56 /* Main.storyboard in Resources */ = {isa = PBXBuildFile; fileRef = 5A41158D1E4D046F004F6B56 /* Main.storyboard */; };
		5A4115911E4D046F004F6B56 /* Assets.xcassets in Resources */ = {isa = PBXBuildFile; fileRef = 5A4115901E4D046F004F6B56 /* Assets.xcassets */; };
		5A4115941E4D046F004F6B56 /* LaunchScreen.storyboard in Resources */ = {isa = PBXBuildFile; fileRef = 5A4115921E4D046F004F6B56 /* LaunchScreen.storyboard */; };
		5A4115B31E4D1803004F6B56 /* IAIcon.swift in Sources */ = {isa = PBXBuildFile; fileRef = 5A4115B01E4D1803004F6B56 /* IAIcon.swift */; };
		5A4115B41E4D1803004F6B56 /* IAIconType.swift in Sources */ = {isa = PBXBuildFile; fileRef = 5A4115B11E4D1803004F6B56 /* IAIconType.swift */; };
		5A4115B51E4D1803004F6B56 /* ionicons.ttf in Resources */ = {isa = PBXBuildFile; fileRef = 5A4115B21E4D1803004F6B56 /* ionicons.ttf */; };
		5A4115B81E4D1939004F6B56 /* IAHomeViewController.swift in Sources */ = {isa = PBXBuildFile; fileRef = 5A4115B71E4D1939004F6B56 /* IAHomeViewController.swift */; };
		5A4115BC1E4D19DE004F6B56 /* IAHomeTabBarController.swift in Sources */ = {isa = PBXBuildFile; fileRef = 5A4115BB1E4D19DE004F6B56 /* IAHomeTabBarController.swift */; };
		5A4115BF1E4D1DF8004F6B56 /* IAPlayer.storyboard in Resources */ = {isa = PBXBuildFile; fileRef = 5A4115BE1E4D1DF8004F6B56 /* IAPlayer.storyboard */; };
		5A4115C11E4D1E12004F6B56 /* IAPlayerViewController.swift in Sources */ = {isa = PBXBuildFile; fileRef = 5A4115C01E4D1E12004F6B56 /* IAPlayerViewController.swift */; };
		5A4116141E4D2794004F6B56 /* IAMediaUtils.swift in Sources */ = {isa = PBXBuildFile; fileRef = 5A4116131E4D2794004F6B56 /* IAMediaUtils.swift */; };
		5A4116241E4D57EE004F6B56 /* IASearchViewController.swift in Sources */ = {isa = PBXBuildFile; fileRef = 5A4116231E4D57EE004F6B56 /* IASearchViewController.swift */; };
		5A4116261E4D695A004F6B56 /* IAMyFavoritesViewController.swift in Sources */ = {isa = PBXBuildFile; fileRef = 5A4116251E4D695A004F6B56 /* IAMyFavoritesViewController.swift */; };
		5A47BE501E4D948C00FB0A7A /* Iconochive-Regular.ttf in Resources */ = {isa = PBXBuildFile; fileRef = 5A47BE4F1E4D940300FB0A7A /* Iconochive-Regular.ttf */; };
		5A525BFB1E5A798E00B641C2 /* IAMyFavoritesChoicesViewController.swift in Sources */ = {isa = PBXBuildFile; fileRef = 5A525BFA1E5A798E00B641C2 /* IAMyFavoritesChoicesViewController.swift */; };
		5A525BFD1E5A7CAE00B641C2 /* IAMyFavoritesChoicesTableViewCell.swift in Sources */ = {isa = PBXBuildFile; fileRef = 5A525BFC1E5A7CAE00B641C2 /* IAMyFavoritesChoicesTableViewCell.swift */; };
		5A525BFF1E5A9B3F00B641C2 /* IAMyFavoritesSectionHeaderView.swift in Sources */ = {isa = PBXBuildFile; fileRef = 5A525BFE1E5A9B3F00B641C2 /* IAMyFavoritesSectionHeaderView.swift */; };
		5A525C011E5A9FE400B641C2 /* IAMyFavoritesFindTableViewCell.swift in Sources */ = {isa = PBXBuildFile; fileRef = 5A525C001E5A9FE400B641C2 /* IAMyFavoritesFindTableViewCell.swift */; };
		5A525C031E5AA0A300B641C2 /* IAMyFavoritesDataTableViewCell.swift in Sources */ = {isa = PBXBuildFile; fileRef = 5A525C021E5AA0A300B641C2 /* IAMyFavoritesDataTableViewCell.swift */; };
		5A5764B41E502872000D4465 /* IASearchCell.swift in Sources */ = {isa = PBXBuildFile; fileRef = 5A5764B31E502872000D4465 /* IASearchCell.swift */; };
		5A5764BC1E5056B6000D4465 /* IADocViewController.swift in Sources */ = {isa = PBXBuildFile; fileRef = 5A5764BB1E5056B6000D4465 /* IADocViewController.swift */; };
		5A5764BF1E50669C000D4465 /* IAAuidoFileTableViewCell.swift in Sources */ = {isa = PBXBuildFile; fileRef = 5A5764BE1E50669C000D4465 /* IAAuidoFileTableViewCell.swift */; };
		5A615A141E515BC700B18161 /* IARealmManager.swift in Sources */ = {isa = PBXBuildFile; fileRef = 5A615A131E515BC700B18161 /* IARealmManager.swift */; };
		5A6DFBB81E5932D0002C0977 /* Search.storyboard in Resources */ = {isa = PBXBuildFile; fileRef = 5A6DFBB71E5932D0002C0977 /* Search.storyboard */; };
		5A6DFBBA1E594209002C0977 /* IAViewController.swift in Sources */ = {isa = PBXBuildFile; fileRef = 5A6DFBB91E594209002C0977 /* IAViewController.swift */; };
		5A6DFBBC1E5943C8002C0977 /* IATopNavView.swift in Sources */ = {isa = PBXBuildFile; fileRef = 5A6DFBBB1E5943C8002C0977 /* IATopNavView.swift */; };
		5A7967F31E584592001F44B0 /* UIFont+Common.swift in Sources */ = {isa = PBXBuildFile; fileRef = 5A7967F21E584592001F44B0 /* UIFont+Common.swift */; };
		5A92D8A11E86F6DE00E0EB61 /* PlaylistViewController.swift in Sources */ = {isa = PBXBuildFile; fileRef = 5A92D8A01E86F6DE00E0EB61 /* PlaylistViewController.swift */; };
		5A92D8A31E86F97A00E0EB61 /* Playlist.storyboard in Resources */ = {isa = PBXBuildFile; fileRef = 5A92D8A21E86F97A00E0EB61 /* Playlist.storyboard */; };
		5A92D8A51E871BA000E0EB61 /* UIView+Fairy.swift in Sources */ = {isa = PBXBuildFile; fileRef = 5A92D8A41E871BA000E0EB61 /* UIView+Fairy.swift */; };
		5A92D8A71E87245E00E0EB61 /* PlaylistFindTableViewController.swift in Sources */ = {isa = PBXBuildFile; fileRef = 5A92D8A61E87245E00E0EB61 /* PlaylistFindTableViewController.swift */; };
		5A92D8AB1E879BCF00E0EB61 /* NowPlayingTableViewCell.swift in Sources */ = {isa = PBXBuildFile; fileRef = 5A92D8AA1E879BCF00E0EB61 /* NowPlayingTableViewCell.swift */; };
		5AB89AEE1E53F9B300A9836A /* IAMyFavorites.storyboard in Resources */ = {isa = PBXBuildFile; fileRef = 5AB89AED1E53F9B300A9836A /* IAMyFavorites.storyboard */; };
		5AD7D88A1E6CD0CD00BB8AAF /* IAReachability.swift in Sources */ = {isa = PBXBuildFile; fileRef = 5AD7D8891E6CD0CD00BB8AAF /* IAReachability.swift */; };
		5AE64B721E54438900A49821 /* IAMyFavoritesTableViewCell.swift in Sources */ = {isa = PBXBuildFile; fileRef = 5AE64B711E54438900A49821 /* IAMyFavoritesTableViewCell.swift */; };
		5AE924012526BC25004BC744 /* AlamofireImage in Frameworks */ = {isa = PBXBuildFile; productRef = 5AE924002526BC25004BC744 /* AlamofireImage */; };
		5AE924092526BC83004BC744 /* NVActivityIndicatorView in Frameworks */ = {isa = PBXBuildFile; productRef = 5AE924082526BC83004BC744 /* NVActivityIndicatorView */; };
		5AE9240D2526BCEC004BC744 /* Realm in Frameworks */ = {isa = PBXBuildFile; productRef = 5AE9240C2526BCEC004BC744 /* Realm */; };
		5AE9240F2526BCEC004BC744 /* RealmSwift in Frameworks */ = {isa = PBXBuildFile; productRef = 5AE9240E2526BCEC004BC744 /* RealmSwift */; };
		5AFA0F1D1E56BE7C00052E99 /* UIImageColors.swift in Sources */ = {isa = PBXBuildFile; fileRef = 5AFA0F1C1E56BE7C00052E99 /* UIImageColors.swift */; };
/* End PBXBuildFile section */

/* Begin PBXFileReference section */
		5A10960F1E5185DC008DB3B7 /* IADoc.storyboard */ = {isa = PBXFileReference; fileEncoding = 4; lastKnownFileType = file.storyboard; path = IADoc.storyboard; sourceTree = "<group>"; };
		5A29692E1E514C5E00E7409F /* RealmObjects.swift */ = {isa = PBXFileReference; fileEncoding = 4; lastKnownFileType = sourcecode.swift; path = RealmObjects.swift; sourceTree = "<group>"; };
		5A4115861E4D046F004F6B56 /* IAAudio.app */ = {isa = PBXFileReference; explicitFileType = wrapper.application; includeInIndex = 0; path = IAAudio.app; sourceTree = BUILT_PRODUCTS_DIR; };
		5A4115891E4D046F004F6B56 /* AppDelegate.swift */ = {isa = PBXFileReference; lastKnownFileType = sourcecode.swift; path = AppDelegate.swift; sourceTree = "<group>"; };
		5A41158E1E4D046F004F6B56 /* Base */ = {isa = PBXFileReference; lastKnownFileType = file.storyboard; name = Base; path = Base.lproj/Main.storyboard; sourceTree = "<group>"; };
		5A4115901E4D046F004F6B56 /* Assets.xcassets */ = {isa = PBXFileReference; lastKnownFileType = folder.assetcatalog; path = Assets.xcassets; sourceTree = "<group>"; };
		5A4115931E4D046F004F6B56 /* Base */ = {isa = PBXFileReference; lastKnownFileType = file.storyboard; name = Base; path = Base.lproj/LaunchScreen.storyboard; sourceTree = "<group>"; };
		5A4115951E4D046F004F6B56 /* Info.plist */ = {isa = PBXFileReference; lastKnownFileType = text.plist.xml; path = Info.plist; sourceTree = "<group>"; };
		5A4115B01E4D1803004F6B56 /* IAIcon.swift */ = {isa = PBXFileReference; fileEncoding = 4; lastKnownFileType = sourcecode.swift; path = IAIcon.swift; sourceTree = "<group>"; };
		5A4115B11E4D1803004F6B56 /* IAIconType.swift */ = {isa = PBXFileReference; fileEncoding = 4; lastKnownFileType = sourcecode.swift; path = IAIconType.swift; sourceTree = "<group>"; };
		5A4115B21E4D1803004F6B56 /* ionicons.ttf */ = {isa = PBXFileReference; lastKnownFileType = file; path = ionicons.ttf; sourceTree = "<group>"; };
		5A4115B71E4D1939004F6B56 /* IAHomeViewController.swift */ = {isa = PBXFileReference; fileEncoding = 4; lastKnownFileType = sourcecode.swift; path = IAHomeViewController.swift; sourceTree = "<group>"; };
		5A4115BB1E4D19DE004F6B56 /* IAHomeTabBarController.swift */ = {isa = PBXFileReference; fileEncoding = 4; lastKnownFileType = sourcecode.swift; path = IAHomeTabBarController.swift; sourceTree = "<group>"; };
		5A4115BE1E4D1DF8004F6B56 /* IAPlayer.storyboard */ = {isa = PBXFileReference; fileEncoding = 4; lastKnownFileType = file.storyboard; path = IAPlayer.storyboard; sourceTree = "<group>"; };
		5A4115C01E4D1E12004F6B56 /* IAPlayerViewController.swift */ = {isa = PBXFileReference; fileEncoding = 4; lastKnownFileType = sourcecode.swift; lineEnding = 0; path = IAPlayerViewController.swift; sourceTree = "<group>"; xcLanguageSpecificationIdentifier = xcode.lang.swift; };
		5A4116131E4D2794004F6B56 /* IAMediaUtils.swift */ = {isa = PBXFileReference; fileEncoding = 4; lastKnownFileType = sourcecode.swift; path = IAMediaUtils.swift; sourceTree = "<group>"; };
		5A4116231E4D57EE004F6B56 /* IASearchViewController.swift */ = {isa = PBXFileReference; fileEncoding = 4; lastKnownFileType = sourcecode.swift; path = IASearchViewController.swift; sourceTree = "<group>"; };
		5A4116251E4D695A004F6B56 /* IAMyFavoritesViewController.swift */ = {isa = PBXFileReference; fileEncoding = 4; lastKnownFileType = sourcecode.swift; lineEnding = 0; path = IAMyFavoritesViewController.swift; sourceTree = "<group>"; xcLanguageSpecificationIdentifier = xcode.lang.swift; };
		5A47BE4F1E4D940300FB0A7A /* Iconochive-Regular.ttf */ = {isa = PBXFileReference; lastKnownFileType = file; path = "Iconochive-Regular.ttf"; sourceTree = "<group>"; };
		5A525BFA1E5A798E00B641C2 /* IAMyFavoritesChoicesViewController.swift */ = {isa = PBXFileReference; fileEncoding = 4; lastKnownFileType = sourcecode.swift; lineEnding = 0; path = IAMyFavoritesChoicesViewController.swift; sourceTree = "<group>"; xcLanguageSpecificationIdentifier = xcode.lang.swift; };
		5A525BFC1E5A7CAE00B641C2 /* IAMyFavoritesChoicesTableViewCell.swift */ = {isa = PBXFileReference; fileEncoding = 4; lastKnownFileType = sourcecode.swift; path = IAMyFavoritesChoicesTableViewCell.swift; sourceTree = "<group>"; };
		5A525BFE1E5A9B3F00B641C2 /* IAMyFavoritesSectionHeaderView.swift */ = {isa = PBXFileReference; fileEncoding = 4; lastKnownFileType = sourcecode.swift; path = IAMyFavoritesSectionHeaderView.swift; sourceTree = "<group>"; };
		5A525C001E5A9FE400B641C2 /* IAMyFavoritesFindTableViewCell.swift */ = {isa = PBXFileReference; fileEncoding = 4; lastKnownFileType = sourcecode.swift; path = IAMyFavoritesFindTableViewCell.swift; sourceTree = "<group>"; };
		5A525C021E5AA0A300B641C2 /* IAMyFavoritesDataTableViewCell.swift */ = {isa = PBXFileReference; fileEncoding = 4; lastKnownFileType = sourcecode.swift; path = IAMyFavoritesDataTableViewCell.swift; sourceTree = "<group>"; };
		5A5764B31E502872000D4465 /* IASearchCell.swift */ = {isa = PBXFileReference; fileEncoding = 4; lastKnownFileType = sourcecode.swift; path = IASearchCell.swift; sourceTree = "<group>"; };
		5A5764BB1E5056B6000D4465 /* IADocViewController.swift */ = {isa = PBXFileReference; fileEncoding = 4; lastKnownFileType = sourcecode.swift; lineEnding = 0; path = IADocViewController.swift; sourceTree = "<group>"; usesTabs = 0; xcLanguageSpecificationIdentifier = xcode.lang.swift; };
		5A5764BE1E50669C000D4465 /* IAAuidoFileTableViewCell.swift */ = {isa = PBXFileReference; fileEncoding = 4; lastKnownFileType = sourcecode.swift; path = IAAuidoFileTableViewCell.swift; sourceTree = "<group>"; };
		5A615A131E515BC700B18161 /* IARealmManager.swift */ = {isa = PBXFileReference; fileEncoding = 4; lastKnownFileType = sourcecode.swift; lineEnding = 0; path = IARealmManager.swift; sourceTree = "<group>"; xcLanguageSpecificationIdentifier = xcode.lang.swift; };
		5A6DFBB71E5932D0002C0977 /* Search.storyboard */ = {isa = PBXFileReference; fileEncoding = 4; lastKnownFileType = file.storyboard; path = Search.storyboard; sourceTree = "<group>"; };
		5A6DFBB91E594209002C0977 /* IAViewController.swift */ = {isa = PBXFileReference; fileEncoding = 4; lastKnownFileType = sourcecode.swift; path = IAViewController.swift; sourceTree = "<group>"; };
		5A6DFBBB1E5943C8002C0977 /* IATopNavView.swift */ = {isa = PBXFileReference; fileEncoding = 4; lastKnownFileType = sourcecode.swift; path = IATopNavView.swift; sourceTree = "<group>"; };
		5A7967F21E584592001F44B0 /* UIFont+Common.swift */ = {isa = PBXFileReference; fileEncoding = 4; lastKnownFileType = sourcecode.swift; path = "UIFont+Common.swift"; sourceTree = "<group>"; };
		5A92D8A01E86F6DE00E0EB61 /* PlaylistViewController.swift */ = {isa = PBXFileReference; fileEncoding = 4; lastKnownFileType = sourcecode.swift; path = PlaylistViewController.swift; sourceTree = "<group>"; };
		5A92D8A21E86F97A00E0EB61 /* Playlist.storyboard */ = {isa = PBXFileReference; fileEncoding = 4; lastKnownFileType = file.storyboard; path = Playlist.storyboard; sourceTree = "<group>"; };
		5A92D8A41E871BA000E0EB61 /* UIView+Fairy.swift */ = {isa = PBXFileReference; fileEncoding = 4; lastKnownFileType = sourcecode.swift; path = "UIView+Fairy.swift"; sourceTree = "<group>"; };
		5A92D8A61E87245E00E0EB61 /* PlaylistFindTableViewController.swift */ = {isa = PBXFileReference; fileEncoding = 4; lastKnownFileType = sourcecode.swift; path = PlaylistFindTableViewController.swift; sourceTree = "<group>"; };
		5A92D8AA1E879BCF00E0EB61 /* NowPlayingTableViewCell.swift */ = {isa = PBXFileReference; fileEncoding = 4; lastKnownFileType = sourcecode.swift; path = NowPlayingTableViewCell.swift; sourceTree = "<group>"; };
		5AB89AED1E53F9B300A9836A /* IAMyFavorites.storyboard */ = {isa = PBXFileReference; fileEncoding = 4; lastKnownFileType = file.storyboard; path = IAMyFavorites.storyboard; sourceTree = "<group>"; };
		5AD7D8891E6CD0CD00BB8AAF /* IAReachability.swift */ = {isa = PBXFileReference; fileEncoding = 4; lastKnownFileType = sourcecode.swift; path = IAReachability.swift; sourceTree = "<group>"; };
		5AE64B711E54438900A49821 /* IAMyFavoritesTableViewCell.swift */ = {isa = PBXFileReference; fileEncoding = 4; lastKnownFileType = sourcecode.swift; lineEnding = 0; path = IAMyFavoritesTableViewCell.swift; sourceTree = "<group>"; xcLanguageSpecificationIdentifier = xcode.lang.swift; };
		5AFA0F1C1E56BE7C00052E99 /* UIImageColors.swift */ = {isa = PBXFileReference; fileEncoding = 4; lastKnownFileType = sourcecode.swift; path = UIImageColors.swift; sourceTree = "<group>"; };
/* End PBXFileReference section */

/* Begin PBXFrameworksBuildPhase section */
		5A4115831E4D046F004F6B56 /* Frameworks */ = {
			isa = PBXFrameworksBuildPhase;
			buildActionMask = 2147483647;
			files = (
				5AE9240F2526BCEC004BC744 /* RealmSwift in Frameworks */,
				5AE924092526BC83004BC744 /* NVActivityIndicatorView in Frameworks */,
				5A282F7D255CE26300146A1C /* iaAPI in Frameworks */,
				5AE924012526BC25004BC744 /* AlamofireImage in Frameworks */,
				5AE9240D2526BCEC004BC744 /* Realm in Frameworks */,
			);
			runOnlyForDeploymentPostprocessing = 0;
		};
/* End PBXFrameworksBuildPhase section */

/* Begin PBXGroup section */
		5A29692D1E514C3E00E7409F /* Realm */ = {
			isa = PBXGroup;
			children = (
				5A29692E1E514C5E00E7409F /* RealmObjects.swift */,
				5A615A131E515BC700B18161 /* IARealmManager.swift */,
			);
			name = Realm;
			sourceTree = "<group>";
		};
		5A41157D1E4D046F004F6B56 = {
			isa = PBXGroup;
			children = (
				5A4115881E4D046F004F6B56 /* IAAudio */,
				5A4115871E4D046F004F6B56 /* Products */,
				5A41159B1E4D0B3A004F6B56 /* Frameworks */,
			);
			sourceTree = "<group>";
		};
		5A4115871E4D046F004F6B56 /* Products */ = {
			isa = PBXGroup;
			children = (
				5A4115861E4D046F004F6B56 /* IAAudio.app */,
			);
			name = Products;
			sourceTree = "<group>";
		};
		5A4115881E4D046F004F6B56 /* IAAudio */ = {
			isa = PBXGroup;
			children = (
				5A4115891E4D046F004F6B56 /* AppDelegate.swift */,
				5A4115901E4D046F004F6B56 /* Assets.xcassets */,
				5A4115921E4D046F004F6B56 /* LaunchScreen.storyboard */,
				5A4115951E4D046F004F6B56 /* Info.plist */,
				5A4115B61E4D18F0004F6B56 /* View Controllers */,
				5A4115AF1E4D1785004F6B56 /* Fonts and Icons */,
				5A4116151E4D27F2004F6B56 /* Model */,
				5A4116121E4D277A004F6B56 /* Utils */,
			);
			path = IAAudio;
			sourceTree = "<group>";
		};
		5A41159B1E4D0B3A004F6B56 /* Frameworks */ = {
			isa = PBXGroup;
			children = (
			);
			name = Frameworks;
			sourceTree = "<group>";
		};
		5A4115AF1E4D1785004F6B56 /* Fonts and Icons */ = {
			isa = PBXGroup;
			children = (
				5A4115B01E4D1803004F6B56 /* IAIcon.swift */,
				5A4115B11E4D1803004F6B56 /* IAIconType.swift */,
				5A4115B21E4D1803004F6B56 /* ionicons.ttf */,
				5A47BE4F1E4D940300FB0A7A /* Iconochive-Regular.ttf */,
			);
			name = "Fonts and Icons";
			sourceTree = "<group>";
		};
		5A4115B61E4D18F0004F6B56 /* View Controllers */ = {
			isa = PBXGroup;
			children = (
				5A4115B71E4D1939004F6B56 /* IAHomeViewController.swift */,
				5A4115BB1E4D19DE004F6B56 /* IAHomeTabBarController.swift */,
				5A41158D1E4D046F004F6B56 /* Main.storyboard */,
				5A41161C1E4D44E9004F6B56 /* Lists */,
				5A525BF91E5A794600B641C2 /* Stash */,
				5A41161A1E4D44D3004F6B56 /* Find */,
				5A4115BD1E4D1DDE004F6B56 /* Player */,
				5A4115C21E4D1F9D004F6B56 /* Shared Subviews */,
				5A6DFBB91E594209002C0977 /* IAViewController.swift */,
				5A6DFBBB1E5943C8002C0977 /* IATopNavView.swift */,
			);
			name = "View Controllers";
			sourceTree = "<group>";
		};
		5A4115BD1E4D1DDE004F6B56 /* Player */ = {
			isa = PBXGroup;
			children = (
				5A4115BE1E4D1DF8004F6B56 /* IAPlayer.storyboard */,
				5A4115C01E4D1E12004F6B56 /* IAPlayerViewController.swift */,
				5A92D8AA1E879BCF00E0EB61 /* NowPlayingTableViewCell.swift */,
			);
			name = Player;
			sourceTree = "<group>";
		};
		5A4115C21E4D1F9D004F6B56 /* Shared Subviews */ = {
			isa = PBXGroup;
			children = (
			);
			name = "Shared Subviews";
			sourceTree = "<group>";
		};
		5A4116121E4D277A004F6B56 /* Utils */ = {
			isa = PBXGroup;
			children = (
				5AD7D8891E6CD0CD00BB8AAF /* IAReachability.swift */,
				5AFA0F1C1E56BE7C00052E99 /* UIImageColors.swift */,
				5A7967F21E584592001F44B0 /* UIFont+Common.swift */,
				5A92D8A41E871BA000E0EB61 /* UIView+Fairy.swift */,
				5A4116131E4D2794004F6B56 /* IAMediaUtils.swift */,
			);
			name = Utils;
			sourceTree = "<group>";
		};
		5A4116151E4D27F2004F6B56 /* Model */ = {
			isa = PBXGroup;
			children = (
				5A29692D1E514C3E00E7409F /* Realm */,
			);
			name = Model;
			sourceTree = "<group>";
		};
		5A41161A1E4D44D3004F6B56 /* Find */ = {
			isa = PBXGroup;
			children = (
				5A6DFBB61E5932B7002C0977 /* Search */,
				5A5764BD1E506584000D4465 /* DocView */,
			);
			name = Find;
			sourceTree = "<group>";
		};
		5A41161B1E4D44E2004F6B56 /* My Music Stash */ = {
			isa = PBXGroup;
			children = (
				5A4116251E4D695A004F6B56 /* IAMyFavoritesViewController.swift */,
				5AE64B711E54438900A49821 /* IAMyFavoritesTableViewCell.swift */,
				5AB89AED1E53F9B300A9836A /* IAMyFavorites.storyboard */,
			);
			name = "My Music Stash";
			sourceTree = "<group>";
		};
		5A41161C1E4D44E9004F6B56 /* Lists */ = {
			isa = PBXGroup;
			children = (
				5A92D8A01E86F6DE00E0EB61 /* PlaylistViewController.swift */,
				5A92D8A21E86F97A00E0EB61 /* Playlist.storyboard */,
				5A92D8A61E87245E00E0EB61 /* PlaylistFindTableViewController.swift */,
			);
			name = Lists;
			sourceTree = "<group>";
		};
		5A525BF91E5A794600B641C2 /* Stash */ = {
			isa = PBXGroup;
			children = (
				CE60679F1E6DE21E00151A96 /* Choices */,
				5A41161B1E4D44E2004F6B56 /* My Music Stash */,
			);
			name = Stash;
			sourceTree = "<group>";
		};
		5A5764BD1E506584000D4465 /* DocView */ = {
			isa = PBXGroup;
			children = (
				5A5764BB1E5056B6000D4465 /* IADocViewController.swift */,
				5A10960F1E5185DC008DB3B7 /* IADoc.storyboard */,
				5A5764BE1E50669C000D4465 /* IAAuidoFileTableViewCell.swift */,
			);
			name = DocView;
			sourceTree = "<group>";
		};
		5A6DFBB61E5932B7002C0977 /* Search */ = {
			isa = PBXGroup;
			children = (
				5A4116231E4D57EE004F6B56 /* IASearchViewController.swift */,
				5A5764B31E502872000D4465 /* IASearchCell.swift */,
				5A6DFBB71E5932D0002C0977 /* Search.storyboard */,
			);
			name = Search;
			sourceTree = "<group>";
		};
		CE60679F1E6DE21E00151A96 /* Choices */ = {
			isa = PBXGroup;
			children = (
				5A525BFA1E5A798E00B641C2 /* IAMyFavoritesChoicesViewController.swift */,
				5A525BFC1E5A7CAE00B641C2 /* IAMyFavoritesChoicesTableViewCell.swift */,
				5A525BFE1E5A9B3F00B641C2 /* IAMyFavoritesSectionHeaderView.swift */,
				5A525C001E5A9FE400B641C2 /* IAMyFavoritesFindTableViewCell.swift */,
				5A525C021E5AA0A300B641C2 /* IAMyFavoritesDataTableViewCell.swift */,
			);
			name = Choices;
			sourceTree = "<group>";
		};
/* End PBXGroup section */

/* Begin PBXNativeTarget section */
		5A4115851E4D046F004F6B56 /* IAAudio */ = {
			isa = PBXNativeTarget;
			buildConfigurationList = 5A4115981E4D046F004F6B56 /* Build configuration list for PBXNativeTarget "IAAudio" */;
			buildPhases = (
				5A4115821E4D046F004F6B56 /* Sources */,
				5A4115831E4D046F004F6B56 /* Frameworks */,
				5A4115841E4D046F004F6B56 /* Resources */,
			);
			buildRules = (
			);
			dependencies = (
			);
			name = IAAudio;
			packageProductDependencies = (
				5AE924002526BC25004BC744 /* AlamofireImage */,
				5AE924082526BC83004BC744 /* NVActivityIndicatorView */,
				5AE9240C2526BCEC004BC744 /* Realm */,
				5AE9240E2526BCEC004BC744 /* RealmSwift */,
				5A282F7C255CE26300146A1C /* iaAPI */,
			);
			productName = "IA-Music";
			productReference = 5A4115861E4D046F004F6B56 /* IAAudio.app */;
			productType = "com.apple.product-type.application";
		};
/* End PBXNativeTarget section */

/* Begin PBXProject section */
		5A41157E1E4D046F004F6B56 /* Project object */ = {
			isa = PBXProject;
			attributes = {
				LastSwiftUpdateCheck = 0820;
				LastUpgradeCheck = 1200;
				ORGANIZATIONNAME = "Hunter Lee Brown";
				TargetAttributes = {
					5A4115851E4D046F004F6B56 = {
						CreatedOnToolsVersion = 8.2.1;
						DevelopmentTeam = YB9HQM8F84;
						LastSwiftMigration = 1200;
						ProvisioningStyle = Automatic;
					};
				};
			};
			buildConfigurationList = 5A4115811E4D046F004F6B56 /* Build configuration list for PBXProject "IAAudio" */;
			compatibilityVersion = "Xcode 3.2";
			developmentRegion = en;
			hasScannedForEncodings = 0;
			knownRegions = (
				en,
				Base,
			);
			mainGroup = 5A41157D1E4D046F004F6B56;
			packageReferences = (
				5AE923FF2526BC25004BC744 /* XCRemoteSwiftPackageReference "AlamofireImage" */,
				5AE924072526BC83004BC744 /* XCRemoteSwiftPackageReference "NVActivityIndicatorView" */,
				5AE9240B2526BCEC004BC744 /* XCRemoteSwiftPackageReference "realm-cocoa" */,
				5A282F7B255CE26300146A1C /* XCRemoteSwiftPackageReference "iaAPI" */,
			);
			productRefGroup = 5A4115871E4D046F004F6B56 /* Products */;
			projectDirPath = "";
			projectRoot = "";
			targets = (
				5A4115851E4D046F004F6B56 /* IAAudio */,
			);
		};
/* End PBXProject section */

/* Begin PBXResourcesBuildPhase section */
		5A4115841E4D046F004F6B56 /* Resources */ = {
			isa = PBXResourcesBuildPhase;
			buildActionMask = 2147483647;
			files = (
				5A47BE501E4D948C00FB0A7A /* Iconochive-Regular.ttf in Resources */,
				5AB89AEE1E53F9B300A9836A /* IAMyFavorites.storyboard in Resources */,
				5A4115941E4D046F004F6B56 /* LaunchScreen.storyboard in Resources */,
				5A4115911E4D046F004F6B56 /* Assets.xcassets in Resources */,
				5A6DFBB81E5932D0002C0977 /* Search.storyboard in Resources */,
				5A4115B51E4D1803004F6B56 /* ionicons.ttf in Resources */,
				5A4115BF1E4D1DF8004F6B56 /* IAPlayer.storyboard in Resources */,
				5A41158F1E4D046F004F6B56 /* Main.storyboard in Resources */,
				5A92D8A31E86F97A00E0EB61 /* Playlist.storyboard in Resources */,
				5A1096101E5185DC008DB3B7 /* IADoc.storyboard in Resources */,
			);
			runOnlyForDeploymentPostprocessing = 0;
		};
/* End PBXResourcesBuildPhase section */

/* Begin PBXSourcesBuildPhase section */
		5A4115821E4D046F004F6B56 /* Sources */ = {
			isa = PBXSourcesBuildPhase;
			buildActionMask = 2147483647;
			files = (
				5A525BFF1E5A9B3F00B641C2 /* IAMyFavoritesSectionHeaderView.swift in Sources */,
				5A92D8A51E871BA000E0EB61 /* UIView+Fairy.swift in Sources */,
				5AFA0F1D1E56BE7C00052E99 /* UIImageColors.swift in Sources */,
				5A5764BF1E50669C000D4465 /* IAAuidoFileTableViewCell.swift in Sources */,
				5AD7D88A1E6CD0CD00BB8AAF /* IAReachability.swift in Sources */,
				5A5764B41E502872000D4465 /* IASearchCell.swift in Sources */,
				5A92D8A71E87245E00E0EB61 /* PlaylistFindTableViewController.swift in Sources */,
				5A92D8A11E86F6DE00E0EB61 /* PlaylistViewController.swift in Sources */,
				5A4115BC1E4D19DE004F6B56 /* IAHomeTabBarController.swift in Sources */,
				5A4116241E4D57EE004F6B56 /* IASearchViewController.swift in Sources */,
				5A7967F31E584592001F44B0 /* UIFont+Common.swift in Sources */,
				5A4115C11E4D1E12004F6B56 /* IAPlayerViewController.swift in Sources */,
				5A41158A1E4D046F004F6B56 /* AppDelegate.swift in Sources */,
				5A525BFB1E5A798E00B641C2 /* IAMyFavoritesChoicesViewController.swift in Sources */,
				5A6DFBBA1E594209002C0977 /* IAViewController.swift in Sources */,
				5A5764BC1E5056B6000D4465 /* IADocViewController.swift in Sources */,
				5A4116261E4D695A004F6B56 /* IAMyFavoritesViewController.swift in Sources */,
				5A525C011E5A9FE400B641C2 /* IAMyFavoritesFindTableViewCell.swift in Sources */,
				5A4115B41E4D1803004F6B56 /* IAIconType.swift in Sources */,
				5AE64B721E54438900A49821 /* IAMyFavoritesTableViewCell.swift in Sources */,
				5A92D8AB1E879BCF00E0EB61 /* NowPlayingTableViewCell.swift in Sources */,
				5A6DFBBC1E5943C8002C0977 /* IATopNavView.swift in Sources */,
				5A4116141E4D2794004F6B56 /* IAMediaUtils.swift in Sources */,
				5A4115B31E4D1803004F6B56 /* IAIcon.swift in Sources */,
				5A4115B81E4D1939004F6B56 /* IAHomeViewController.swift in Sources */,
				5A615A141E515BC700B18161 /* IARealmManager.swift in Sources */,
				5A29692F1E514C5E00E7409F /* RealmObjects.swift in Sources */,
				5A525BFD1E5A7CAE00B641C2 /* IAMyFavoritesChoicesTableViewCell.swift in Sources */,
				5A525C031E5AA0A300B641C2 /* IAMyFavoritesDataTableViewCell.swift in Sources */,
			);
			runOnlyForDeploymentPostprocessing = 0;
		};
/* End PBXSourcesBuildPhase section */

/* Begin PBXVariantGroup section */
		5A41158D1E4D046F004F6B56 /* Main.storyboard */ = {
			isa = PBXVariantGroup;
			children = (
				5A41158E1E4D046F004F6B56 /* Base */,
			);
			name = Main.storyboard;
			sourceTree = "<group>";
		};
		5A4115921E4D046F004F6B56 /* LaunchScreen.storyboard */ = {
			isa = PBXVariantGroup;
			children = (
				5A4115931E4D046F004F6B56 /* Base */,
			);
			name = LaunchScreen.storyboard;
			sourceTree = "<group>";
		};
/* End PBXVariantGroup section */

/* Begin XCBuildConfiguration section */
		5A4115961E4D046F004F6B56 /* Debug */ = {
			isa = XCBuildConfiguration;
			buildSettings = {
				ALWAYS_SEARCH_USER_PATHS = NO;
				CLANG_ANALYZER_LOCALIZABILITY_NONLOCALIZED = YES;
				CLANG_ANALYZER_NONNULL = YES;
				CLANG_CXX_LANGUAGE_STANDARD = "gnu++0x";
				CLANG_CXX_LIBRARY = "libc++";
				CLANG_ENABLE_MODULES = YES;
				CLANG_ENABLE_OBJC_ARC = YES;
				CLANG_WARN_BLOCK_CAPTURE_AUTORELEASING = YES;
				CLANG_WARN_BOOL_CONVERSION = YES;
				CLANG_WARN_COMMA = YES;
				CLANG_WARN_CONSTANT_CONVERSION = YES;
				CLANG_WARN_DEPRECATED_OBJC_IMPLEMENTATIONS = YES;
				CLANG_WARN_DIRECT_OBJC_ISA_USAGE = YES_ERROR;
				CLANG_WARN_DOCUMENTATION_COMMENTS = YES;
				CLANG_WARN_EMPTY_BODY = YES;
				CLANG_WARN_ENUM_CONVERSION = YES;
				CLANG_WARN_INFINITE_RECURSION = YES;
				CLANG_WARN_INT_CONVERSION = YES;
				CLANG_WARN_NON_LITERAL_NULL_CONVERSION = YES;
				CLANG_WARN_OBJC_IMPLICIT_RETAIN_SELF = YES;
				CLANG_WARN_OBJC_LITERAL_CONVERSION = YES;
				CLANG_WARN_OBJC_ROOT_CLASS = YES_ERROR;
				CLANG_WARN_QUOTED_INCLUDE_IN_FRAMEWORK_HEADER = YES;
				CLANG_WARN_RANGE_LOOP_ANALYSIS = YES;
				CLANG_WARN_STRICT_PROTOTYPES = YES;
				CLANG_WARN_SUSPICIOUS_MOVE = YES;
				CLANG_WARN_UNREACHABLE_CODE = YES;
				CLANG_WARN__DUPLICATE_METHOD_MATCH = YES;
				"CODE_SIGN_IDENTITY[sdk=iphoneos*]" = "iPhone Developer";
				COPY_PHASE_STRIP = NO;
				DEBUG_INFORMATION_FORMAT = dwarf;
				ENABLE_STRICT_OBJC_MSGSEND = YES;
				ENABLE_TESTABILITY = YES;
				GCC_C_LANGUAGE_STANDARD = gnu99;
				GCC_DYNAMIC_NO_PIC = NO;
				GCC_NO_COMMON_BLOCKS = YES;
				GCC_OPTIMIZATION_LEVEL = 0;
				GCC_PREPROCESSOR_DEFINITIONS = (
					"DEBUG=1",
					"$(inherited)",
				);
				GCC_WARN_64_TO_32_BIT_CONVERSION = YES;
				GCC_WARN_ABOUT_RETURN_TYPE = YES_ERROR;
				GCC_WARN_UNDECLARED_SELECTOR = YES;
				GCC_WARN_UNINITIALIZED_AUTOS = YES_AGGRESSIVE;
				GCC_WARN_UNUSED_FUNCTION = YES;
				GCC_WARN_UNUSED_VARIABLE = YES;
				IPHONEOS_DEPLOYMENT_TARGET = 13.0;
				MTL_ENABLE_DEBUG_INFO = YES;
				ONLY_ACTIVE_ARCH = YES;
				SDKROOT = iphoneos;
				SWIFT_ACTIVE_COMPILATION_CONDITIONS = DEBUG;
				SWIFT_OPTIMIZATION_LEVEL = "-Onone";
				SWIFT_VERSION = 5.0;
				TARGETED_DEVICE_FAMILY = "1,2";
			};
			name = Debug;
		};
		5A4115971E4D046F004F6B56 /* Release */ = {
			isa = XCBuildConfiguration;
			buildSettings = {
				ALWAYS_SEARCH_USER_PATHS = NO;
				CLANG_ANALYZER_LOCALIZABILITY_NONLOCALIZED = YES;
				CLANG_ANALYZER_NONNULL = YES;
				CLANG_CXX_LANGUAGE_STANDARD = "gnu++0x";
				CLANG_CXX_LIBRARY = "libc++";
				CLANG_ENABLE_MODULES = YES;
				CLANG_ENABLE_OBJC_ARC = YES;
				CLANG_WARN_BLOCK_CAPTURE_AUTORELEASING = YES;
				CLANG_WARN_BOOL_CONVERSION = YES;
				CLANG_WARN_COMMA = YES;
				CLANG_WARN_CONSTANT_CONVERSION = YES;
				CLANG_WARN_DEPRECATED_OBJC_IMPLEMENTATIONS = YES;
				CLANG_WARN_DIRECT_OBJC_ISA_USAGE = YES_ERROR;
				CLANG_WARN_DOCUMENTATION_COMMENTS = YES;
				CLANG_WARN_EMPTY_BODY = YES;
				CLANG_WARN_ENUM_CONVERSION = YES;
				CLANG_WARN_INFINITE_RECURSION = YES;
				CLANG_WARN_INT_CONVERSION = YES;
				CLANG_WARN_NON_LITERAL_NULL_CONVERSION = YES;
				CLANG_WARN_OBJC_IMPLICIT_RETAIN_SELF = YES;
				CLANG_WARN_OBJC_LITERAL_CONVERSION = YES;
				CLANG_WARN_OBJC_ROOT_CLASS = YES_ERROR;
				CLANG_WARN_QUOTED_INCLUDE_IN_FRAMEWORK_HEADER = YES;
				CLANG_WARN_RANGE_LOOP_ANALYSIS = YES;
				CLANG_WARN_STRICT_PROTOTYPES = YES;
				CLANG_WARN_SUSPICIOUS_MOVE = YES;
				CLANG_WARN_UNREACHABLE_CODE = YES;
				CLANG_WARN__DUPLICATE_METHOD_MATCH = YES;
				"CODE_SIGN_IDENTITY[sdk=iphoneos*]" = "iPhone Developer";
				COPY_PHASE_STRIP = NO;
				DEBUG_INFORMATION_FORMAT = "dwarf-with-dsym";
				ENABLE_NS_ASSERTIONS = NO;
				ENABLE_STRICT_OBJC_MSGSEND = YES;
				GCC_C_LANGUAGE_STANDARD = gnu99;
				GCC_NO_COMMON_BLOCKS = YES;
				GCC_WARN_64_TO_32_BIT_CONVERSION = YES;
				GCC_WARN_ABOUT_RETURN_TYPE = YES_ERROR;
				GCC_WARN_UNDECLARED_SELECTOR = YES;
				GCC_WARN_UNINITIALIZED_AUTOS = YES_AGGRESSIVE;
				GCC_WARN_UNUSED_FUNCTION = YES;
				GCC_WARN_UNUSED_VARIABLE = YES;
				IPHONEOS_DEPLOYMENT_TARGET = 13.0;
				MTL_ENABLE_DEBUG_INFO = NO;
				SDKROOT = iphoneos;
				SWIFT_COMPILATION_MODE = wholemodule;
				SWIFT_OPTIMIZATION_LEVEL = "-O";
				SWIFT_VERSION = 5.0;
				TARGETED_DEVICE_FAMILY = "1,2";
				VALIDATE_PRODUCT = YES;
			};
			name = Release;
		};
		5A4115991E4D046F004F6B56 /* Debug */ = {
			isa = XCBuildConfiguration;
			buildSettings = {
				ASSETCATALOG_COMPILER_APPICON_NAME = AppIcon;
				CURRENT_PROJECT_VERSION = 2;
				DEVELOPMENT_TEAM = YB9HQM8F84;
				FRAMEWORK_SEARCH_PATHS = "";
				INFOPLIST_FILE = IAAudio/Info.plist;
				IPHONEOS_DEPLOYMENT_TARGET = 13.0;
				LD_RUNPATH_SEARCH_PATHS = (
					"$(inherited)",
					"@executable_path/Frameworks",
				);
				PRODUCT_BUNDLE_IDENTIFIER = com.hunterleebrown.IAAudio;
				PRODUCT_NAME = "$(TARGET_NAME)";
				SWIFT_VERSION = 5.0;
			};
			name = Debug;
		};
		5A41159A1E4D046F004F6B56 /* Release */ = {
			isa = XCBuildConfiguration;
			buildSettings = {
				ASSETCATALOG_COMPILER_APPICON_NAME = AppIcon;
				CURRENT_PROJECT_VERSION = 2;
				DEVELOPMENT_TEAM = YB9HQM8F84;
				FRAMEWORK_SEARCH_PATHS = "";
				INFOPLIST_FILE = IAAudio/Info.plist;
				IPHONEOS_DEPLOYMENT_TARGET = 13.0;
				LD_RUNPATH_SEARCH_PATHS = (
					"$(inherited)",
					"@executable_path/Frameworks",
				);
				PRODUCT_BUNDLE_IDENTIFIER = com.hunterleebrown.IAAudio;
				PRODUCT_NAME = "$(TARGET_NAME)";
				SWIFT_VERSION = 5.0;
			};
			name = Release;
		};
/* End XCBuildConfiguration section */

/* Begin XCConfigurationList section */
		5A4115811E4D046F004F6B56 /* Build configuration list for PBXProject "IAAudio" */ = {
			isa = XCConfigurationList;
			buildConfigurations = (
				5A4115961E4D046F004F6B56 /* Debug */,
				5A4115971E4D046F004F6B56 /* Release */,
			);
			defaultConfigurationIsVisible = 0;
			defaultConfigurationName = Release;
		};
		5A4115981E4D046F004F6B56 /* Build configuration list for PBXNativeTarget "IAAudio" */ = {
			isa = XCConfigurationList;
			buildConfigurations = (
				5A4115991E4D046F004F6B56 /* Debug */,
				5A41159A1E4D046F004F6B56 /* Release */,
			);
			defaultConfigurationIsVisible = 0;
			defaultConfigurationName = Release;
		};
/* End XCConfigurationList section */

/* Begin XCRemoteSwiftPackageReference section */
		5A282F7B255CE26300146A1C /* XCRemoteSwiftPackageReference "iaAPI" */ = {
			isa = XCRemoteSwiftPackageReference;
			repositoryURL = "git@github.com:hunterleebrown/iaAPI.git";
			requirement = {
				kind = upToNextMajorVersion;
				minimumVersion = 1.1.2;
			};
		};
		5AE923FF2526BC25004BC744 /* XCRemoteSwiftPackageReference "AlamofireImage" */ = {
			isa = XCRemoteSwiftPackageReference;
			repositoryURL = "https://github.com/Alamofire/AlamofireImage.git";
			requirement = {
				kind = upToNextMajorVersion;
				minimumVersion = 4.1.0;
			};
		};
		5AE924072526BC83004BC744 /* XCRemoteSwiftPackageReference "NVActivityIndicatorView" */ = {
			isa = XCRemoteSwiftPackageReference;
			repositoryURL = "https://github.com/ninjaprox/NVActivityIndicatorView.git";
			requirement = {
				kind = upToNextMajorVersion;
				minimumVersion = 5.0.1;
			};
		};
		5AE9240B2526BCEC004BC744 /* XCRemoteSwiftPackageReference "realm-cocoa" */ = {
			isa = XCRemoteSwiftPackageReference;
			repositoryURL = "https://github.com/realm/realm-cocoa.git";
			requirement = {
				kind = upToNextMajorVersion;
				minimumVersion = 5.4.7;
			};
		};
/* End XCRemoteSwiftPackageReference section */

/* Begin XCSwiftPackageProductDependency section */
		5A282F7C255CE26300146A1C /* iaAPI */ = {
			isa = XCSwiftPackageProductDependency;
			package = 5A282F7B255CE26300146A1C /* XCRemoteSwiftPackageReference "iaAPI" */;
			productName = iaAPI;
		};
		5AE924002526BC25004BC744 /* AlamofireImage */ = {
			isa = XCSwiftPackageProductDependency;
			package = 5AE923FF2526BC25004BC744 /* XCRemoteSwiftPackageReference "AlamofireImage" */;
			productName = AlamofireImage;
		};
		5AE924082526BC83004BC744 /* NVActivityIndicatorView */ = {
			isa = XCSwiftPackageProductDependency;
			package = 5AE924072526BC83004BC744 /* XCRemoteSwiftPackageReference "NVActivityIndicatorView" */;
			productName = NVActivityIndicatorView;
		};
		5AE9240C2526BCEC004BC744 /* Realm */ = {
			isa = XCSwiftPackageProductDependency;
			package = 5AE9240B2526BCEC004BC744 /* XCRemoteSwiftPackageReference "realm-cocoa" */;
			productName = Realm;
		};
		5AE9240E2526BCEC004BC744 /* RealmSwift */ = {
			isa = XCSwiftPackageProductDependency;
			package = 5AE9240B2526BCEC004BC744 /* XCRemoteSwiftPackageReference "realm-cocoa" */;
			productName = RealmSwift;
		};
/* End XCSwiftPackageProductDependency section */
	};
	rootObject = 5A41157E1E4D046F004F6B56 /* Project object */;
}
